
Microsoft Visual Studio Solution File, Format Version 11.00
# Visual Studio 2010
Project("{FAE04EC0-301F-11D3-BF4B-00C04F79EFBC}") = "AstarPathfindingProject", "AstarPathfindingProject.csproj", "{3818E156-8075-47EC-5124-B4DD643A61DD}"
EndProject
Project("{FAE04EC0-301F-11D3-BF4B-00C04F79EFBC}") = "Assembly-CSharp", "Assembly-CSharp.csproj", "{DFFA407B-D051-47C8-0D6C-D01F99C44FBD}"
EndProject
Project("{FAE04EC0-301F-11D3-BF4B-00C04F79EFBC}") = "AstarPathfindingProjectEditor", "AstarPathfindingProjectEditor.csproj", "{18EDC090-C46D-DDBE-BDD8-706431B25C83}"
EndProject
Project("{FAE04EC0-301F-11D3-BF4B-00C04F79EFBC}") = "PackageToolsEditor", "PackageToolsEditor.csproj", "{2D1ED727-CA7F-A861-DC30-18C800E472DE}"
EndProject
Global
	GlobalSection(SolutionConfigurationPlatforms) = preSolution
		Debug|Any CPU = Debug|Any CPU
		Release|Any CPU = Release|Any CPU
	EndGlobalSection
	GlobalSection(ProjectConfigurationPlatforms) = postSolution
		{3818E156-8075-47EC-5124-B4DD643A61DD}.Debug|Any CPU.ActiveCfg = Debug|Any CPU
		{3818E156-8075-47EC-5124-B4DD643A61DD}.Debug|Any CPU.Build.0 = Debug|Any CPU
		{3818E156-8075-47EC-5124-B4DD643A61DD}.Release|Any CPU.ActiveCfg = Release|Any CPU
		{3818E156-8075-47EC-5124-B4DD643A61DD}.Release|Any CPU.Build.0 = Release|Any CPU
		{DFFA407B-D051-47C8-0D6C-D01F99C44FBD}.Debug|Any CPU.ActiveCfg = Debug|Any CPU
		{DFFA407B-D051-47C8-0D6C-D01F99C44FBD}.Debug|Any CPU.Build.0 = Debug|Any CPU
		{DFFA407B-D051-47C8-0D6C-D01F99C44FBD}.Release|Any CPU.ActiveCfg = Release|Any CPU
		{DFFA407B-D051-47C8-0D6C-D01F99C44FBD}.Release|Any CPU.Build.0 = Release|Any CPU
		{18EDC090-C46D-DDBE-BDD8-706431B25C83}.Debug|Any CPU.ActiveCfg = Debug|Any CPU
		{18EDC090-C46D-DDBE-BDD8-706431B25C83}.Debug|Any CPU.Build.0 = Debug|Any CPU
		{18EDC090-C46D-DDBE-BDD8-706431B25C83}.Release|Any CPU.ActiveCfg = Release|Any CPU
		{18EDC090-C46D-DDBE-BDD8-706431B25C83}.Release|Any CPU.Build.0 = Release|Any CPU
		{2D1ED727-CA7F-A861-DC30-18C800E472DE}.Debug|Any CPU.ActiveCfg = Debug|Any CPU
		{2D1ED727-CA7F-A861-DC30-18C800E472DE}.Debug|Any CPU.Build.0 = Debug|Any CPU
		{2D1ED727-CA7F-A861-DC30-18C800E472DE}.Release|Any CPU.ActiveCfg = Release|Any CPU
		{2D1ED727-CA7F-A861-DC30-18C800E472DE}.Release|Any CPU.Build.0 = Release|Any CPU
	EndGlobalSection
	GlobalSection(SolutionProperties) = preSolution
		HideSolutionNode = FALSE
	EndGlobalSection
EndGlobal
